// !$*UTF8*$!
{
	archiveVersion = 1;
	classes = {
	};
	objectVersion = 77;
	objects = {

/* Begin PBXBuildFile section */
		795490292F5D341200045217 /* AppDelegate.swift in Sources */ = {isa = PBXBuildFile; fileRef = 795490282F5D341200045217 /* AppDelegate.swift */; };
		7954902B2F5D341200045217 /* SceneDelegate.swift in Sources */ = {isa = PBXBuildFile; fileRef = 7954902A2F5D341200045217 /* SceneDelegate.swift */; };
		7954902E2F5D341200045217 /* LaunchScreen.storyboard in Resources */ = {isa = PBXBuildFile; fileRef = 7954902C2F5D341200045217 /* LaunchScreen.storyboard */; };
		795490312F5D341200045217 /* Main.storyboard in Resources */ = {isa = PBXBuildFile; fileRef = 7954902F2F5D341200045217 /* Main.storyboard */; };
		7954903A2F5D341300045217 /* AppDelegate.swift in Sources */ = {isa = PBXBuildFile; fileRef = 795490392F5D341300045217 /* AppDelegate.swift */; };
		7954903D2F5D341300045217 /* Main.storyboard in Resources */ = {isa = PBXBuildFile; fileRef = 7954903B2F5D341300045217 /* Main.storyboard */; };
		795490452F5D341300045217 /* PeekSnap Extension.appex in Embed Foundation Extensions */ = {isa = PBXBuildFile; fileRef = 795490442F5D341300045217 /* PeekSnap Extension.appex */; settings = {ATTRIBUTES = (RemoveHeadersOnCopy, ); }; };
		7954904F2F5D341300045217 /* PeekSnap Extension.appex in Embed Foundation Extensions */ = {isa = PBXBuildFile; fileRef = 7954904E2F5D341300045217 /* PeekSnap Extension.appex */; settings = {ATTRIBUTES = (RemoveHeadersOnCopy, ); }; };
		795490552F5D341300045217 /* Main.html in Resources */ = {isa = PBXBuildFile; fileRef = 795490182F5D340E00045217 /* Main.html */; };
		795490562F5D341300045217 /* Main.html in Resources */ = {isa = PBXBuildFile; fileRef = 795490182F5D340E00045217 /* Main.html */; };
		795490572F5D341300045217 /* Icon.png in Resources */ = {isa = PBXBuildFile; fileRef = 7954901A2F5D340E00045217 /* Icon.png */; };
		795490582F5D341300045217 /* Icon.png in Resources */ = {isa = PBXBuildFile; fileRef = 7954901A2F5D340E00045217 /* Icon.png */; };
		795490592F5D341300045217 /* Style.css in Resources */ = {isa = PBXBuildFile; fileRef = 7954901B2F5D340E00045217 /* Style.css */; };
		7954905A2F5D341300045217 /* Style.css in Resources */ = {isa = PBXBuildFile; fileRef = 7954901B2F5D340E00045217 /* Style.css */; };
		7954905B2F5D341300045217 /* Script.js in Resources */ = {isa = PBXBuildFile; fileRef = 7954901C2F5D340E00045217 /* Script.js */; };
		7954905C2F5D341300045217 /* Script.js in Resources */ = {isa = PBXBuildFile; fileRef = 7954901C2F5D340E00045217 /* Script.js */; };
		7954905D2F5D341300045217 /* ViewController.swift in Sources */ = {isa = PBXBuildFile; fileRef = 7954901D2F5D340E00045217 /* ViewController.swift */; };
		7954905E2F5D341300045217 /* ViewController.swift in Sources */ = {isa = PBXBuildFile; fileRef = 7954901D2F5D340E00045217 /* ViewController.swift */; };
		7954905F2F5D341300045217 /* Assets.xcassets in Resources */ = {isa = PBXBuildFile; fileRef = 7954901E2F5D341200045217 /* Assets.xcassets */; };
		795490602F5D341300045217 /* Assets.xcassets in Resources */ = {isa = PBXBuildFile; fileRef = 7954901E2F5D341200045217 /* Assets.xcassets */; };
		795490612F5D341300045217 /* SafariWebExtensionHandler.swift in Sources */ = {isa = PBXBuildFile; fileRef = 795490202F5D341200045217 /* SafariWebExtensionHandler.swift */; };
		795490622F5D341300045217 /* SafariWebExtensionHandler.swift in Sources */ = {isa = PBXBuildFile; fileRef = 795490202F5D341200045217 /* SafariWebExtensionHandler.swift */; };
		795490792F5D341300045217 /* background in Resources */ = {isa = PBXBuildFile; fileRef = 795490742F5D341300045217 /* background */; };
		7954907A2F5D341300045217 /* popup in Resources */ = {isa = PBXBuildFile; fileRef = 795490752F5D341300045217 /* popup */; };
		7954907B2F5D341300045217 /* content in Resources */ = {isa = PBXBuildFile; fileRef = 795490762F5D341300045217 /* content */; };
		7954907C2F5D341300045217 /* icons in Resources */ = {isa = PBXBuildFile; fileRef = 795490772F5D341300045217 /* icons */; };
		7954907D2F5D341300045217 /* manifest.json in Resources */ = {isa = PBXBuildFile; fileRef = 795490782F5D341300045217 /* manifest.json */; };
		7954907E2F5D341300045217 /* background in Resources */ = {isa = PBXBuildFile; fileRef = 795490742F5D341300045217 /* background */; };
		7954907F2F5D341300045217 /* popup in Resources */ = {isa = PBXBuildFile; fileRef = 795490752F5D341300045217 /* popup */; };
		795490802F5D341300045217 /* content in Resources */ = {isa = PBXBuildFile; fileRef = 795490762F5D341300045217 /* content */; };
		795490812F5D341300045217 /* icons in Resources */ = {isa = PBXBuildFile; fileRef = 795490772F5D341300045217 /* icons */; };
		795490822F5D341300045217 /* manifest.json in Resources */ = {isa = PBXBuildFile; fileRef = 795490782F5D341300045217 /* manifest.json */; };
/* End PBXBuildFile section */

/* Begin PBXContainerItemProxy section */
		795490462F5D341300045217 /* PBXContainerItemProxy */ = {
			isa = PBXContainerItemProxy;
			containerPortal = 795490122F5D340E00045217 /* Project object */;
			proxyType = 1;
			remoteGlobalIDString = 795490432F5D341300045217;
			remoteInfo = "PeekSnap Extension (iOS)";
		};
		795490502F5D341300045217 /* PBXContainerItemProxy */ = {
			isa = PBXContainerItemProxy;
			containerPortal = 795490122F5D340E00045217 /* Project object */;
			proxyType = 1;
			remoteGlobalIDString = 7954904D2F5D341300045217;
			remoteInfo = "PeekSnap Extension (macOS)";
		};
/* End PBXContainerItemProxy section */

/* Begin PBXCopyFilesBuildPhase section */
		795490682F5D341300045217 /* Embed Foundation Extensions */ = {
			isa = PBXCopyFilesBuildPhase;
			buildActionMask = 2147483647;
			dstPath = "";
			dstSubfolderSpec = 13;
			files = (
				795490452F5D341300045217 /* PeekSnap Extension.appex in Embed Foundation Extensions */,
			);
			name = "Embed Foundation Extensions";
			runOnlyForDeploymentPostprocessing = 0;
		};
		7954906F2F5D341300045217 /* Embed Foundation Extensions */ = {
			isa = PBXCopyFilesBuildPhase;
			buildActionMask = 2147483647;
			dstPath = "";
			dstSubfolderSpec = 13;
			files = (
				7954904F2F5D341300045217 /* PeekSnap Extension.appex in Embed Foundation Extensions */,
			);
			name = "Embed Foundation Extensions";
			runOnlyForDeploymentPostprocessing = 0;
		};
/* End PBXCopyFilesBuildPhase section */

/* Begin PBXFileReference section */
		795490192F5D340E00045217 /* Base */ = {isa = PBXFileReference; lastKnownFileType = text.html; name = Base; path = Base.lproj/Main.html; sourceTree = "<group>"; };
		7954901A2F5D340E00045217 /* Icon.png */ = {isa = PBXFileReference; lastKnownFileType = image.png; path = Icon.png; sourceTree = "<group>"; };
		7954901B2F5D340E00045217 /* Style.css */ = {isa = PBXFileReference; lastKnownFileType = text.css; path = Style.css; sourceTree = "<group>"; };
		7954901C2F5D340E00045217 /* Script.js */ = {isa = PBXFileReference; lastKnownFileType = sourcecode.javascript; path = Script.js; sourceTree = "<group>"; };
		7954901D2F5D340E00045217 /* ViewController.swift */ = {isa = PBXFileReference; lastKnownFileType = sourcecode.swift; path = ViewController.swift; sourceTree = "<group>"; };
		7954901E2F5D341200045217 /* Assets.xcassets */ = {isa = PBXFileReference; lastKnownFileType = folder.assetcatalog; path = Assets.xcassets; sourceTree = "<group>"; };
		795490202F5D341200045217 /* SafariWebExtensionHandler.swift */ = {isa = PBXFileReference; lastKnownFileType = sourcecode.swift; path = SafariWebExtensionHandler.swift; sourceTree = "<group>"; };
		795490252F5D341200045217 /* PeekSnap.app */ = {isa = PBXFileReference; explicitFileType = wrapper.application; includeInIndex = 0; path = PeekSnap.app; sourceTree = BUILT_PRODUCTS_DIR; };
		795490282F5D341200045217 /* AppDelegate.swift */ = {isa = PBXFileReference; lastKnownFileType = sourcecode.swift; path = AppDelegate.swift; sourceTree = "<group>"; };
		7954902A2F5D341200045217 /* SceneDelegate.swift */ = {isa = PBXFileReference; lastKnownFileType = sourcecode.swift; path = SceneDelegate.swift; sourceTree = "<group>"; };
		7954902D2F5D341200045217 /* Base */ = {isa = PBXFileReference; lastKnownFileType = file.storyboard; name = Base; path = Base.lproj/LaunchScreen.storyboard; sourceTree = "<group>"; };
		795490302F5D341200045217 /* Base */ = {isa = PBXFileReference; lastKnownFileType = file.storyboard; name = Base; path = Base.lproj/Main.storyboard; sourceTree = "<group>"; };
		795490322F5D341200045217 /* Info.plist */ = {isa = PBXFileReference; lastKnownFileType = text.plist.xml; path = Info.plist; sourceTree = "<group>"; };
		795490372F5D341300045217 /* PeekSnap.app */ = {isa = PBXFileReference; explicitFileType = wrapper.application; includeInIndex = 0; path = PeekSnap.app; sourceTree = BUILT_PRODUCTS_DIR; };
		795490392F5D341300045217 /* AppDelegate.swift */ = {isa = PBXFileReference; lastKnownFileType = sourcecode.swift; path = AppDelegate.swift; sourceTree = "<group>"; };
		7954903C2F5D341300045217 /* Base */ = {isa = PBXFileReference; lastKnownFileType = file.storyboard; name = Base; path = Base.lproj/Main.storyboard; sourceTree = "<group>"; };
		7954903E2F5D341300045217 /* Info.plist */ = {isa = PBXFileReference; lastKnownFileType = text.plist.xml; path = Info.plist; sourceTree = "<group>"; };
		7954903F2F5D341300045217 /* PeekSnap.entitlements */ = {isa = PBXFileReference; lastKnownFileType = text.plist.entitlements; path = PeekSnap.entitlements; sourceTree = "<group>"; };
		795490442F5D341300045217 /* PeekSnap Extension.appex */ = {isa = PBXFileReference; explicitFileType = "wrapper.app-extension"; includeInIndex = 0; path = "PeekSnap Extension.appex"; sourceTree = BUILT_PRODUCTS_DIR; };
		795490492F5D341300045217 /* Info.plist */ = {isa = PBXFileReference; lastKnownFileType = text.plist.xml; path = Info.plist; sourceTree = "<group>"; };
		7954904E2F5D341300045217 /* PeekSnap Extension.appex */ = {isa = PBXFileReference; explicitFileType = "wrapper.app-extension"; includeInIndex = 0; path = "PeekSnap Extension.appex"; sourceTree = BUILT_PRODUCTS_DIR; };
		795490532F5D341300045217 /* Info.plist */ = {isa = PBXFileReference; lastKnownFileType = text.plist.xml; path = Info.plist; sourceTree = "<group>"; };
		795490542F5D341300045217 /* PeekSnap.entitlements */ = {isa = PBXFileReference; lastKnownFileType = text.plist.entitlements; path = PeekSnap.entitlements; sourceTree = "<group>"; };
		795490742F5D341300045217 /* background */ = {isa = PBXFileReference; lastKnownFileType = folder; name = background; path = ../../../peeksnap/background; sourceTree = "<group>"; };
		795490752F5D341300045217 /* popup */ = {isa = PBXFileReference; lastKnownFileType = folder; name = popup; path = ../../../peeksnap/popup; sourceTree = "<group>"; };
		795490762F5D341300045217 /* content */ = {isa = PBXFileReference; lastKnownFileType = folder; name = content; path = ../../../peeksnap/content; sourceTree = "<group>"; };
		795490772F5D341300045217 /* icons */ = {isa = PBXFileReference; lastKnownFileType = folder; name = icons; path = ../../../peeksnap/icons; sourceTree = "<group>"; };
		795490782F5D341300045217 /* manifest.json */ = {isa = PBXFileReference; lastKnownFileType = text.json; name = manifest.json; path = ../../../peeksnap/manifest.json; sourceTree = "<group>"; };
/* End PBXFileReference section */

/* Begin PBXFrameworksBuildPhase section */
		795490222F5D341200045217 /* Frameworks */ = {
			isa = PBXFrameworksBuildPhase;
			buildActionMask = 2147483647;
			files = (
			);
			runOnlyForDeploymentPostprocessing = 0;
		};
		795490342F5D341300045217 /* Frameworks */ = {
			isa = PBXFrameworksBuildPhase;
			buildActionMask = 2147483647;
			files = (
			);
			runOnlyForDeploymentPostprocessing = 0;
		};
		795490412F5D341300045217 /* Frameworks */ = {
			isa = PBXFrameworksBuildPhase;
			buildActionMask = 2147483647;
			files = (
			);
			runOnlyForDeploymentPostprocessing = 0;
		};
		7954904B2F5D341300045217 /* Frameworks */ = {
			isa = PBXFrameworksBuildPhase;
			buildActionMask = 2147483647;
			files = (
			);
			runOnlyForDeploymentPostprocessing = 0;
		};
/* End PBXFrameworksBuildPhase section */

/* Begin PBXGroup section */
		795490112F5D340E00045217 = {
			isa = PBXGroup;
			children = (
				795490162F5D340E00045217 /* Shared (App) */,
				7954901F2F5D341200045217 /* Shared (Extension) */,
				795490272F5D341200045217 /* iOS (App) */,
				795490382F5D341300045217 /* macOS (App) */,
				795490482F5D341300045217 /* iOS (Extension) */,
				795490522F5D341300045217 /* macOS (Extension) */,
				795490262F5D341200045217 /* Products */,
			);
			sourceTree = "<group>";
		};
		795490162F5D340E00045217 /* Shared (App) */ = {
			isa = PBXGroup;
			children = (
				7954901D2F5D340E00045217 /* ViewController.swift */,
				7954901E2F5D341200045217 /* Assets.xcassets */,
				795490172F5D340E00045217 /* Resources */,
			);
			path = "Shared (App)";
			sourceTree = "<group>";
		};
		795490172F5D340E00045217 /* Resources */ = {
			isa = PBXGroup;
			children = (
				795490182F5D340E00045217 /* Main.html */,
				7954901A2F5D340E00045217 /* Icon.png */,
				7954901B2F5D340E00045217 /* Style.css */,
				7954901C2F5D340E00045217 /* Script.js */,
			);
			path = Resources;
			sourceTree = "<group>";
		};
		7954901F2F5D341200045217 /* Shared (Extension) */ = {
			isa = PBXGroup;
			children = (
				795490732F5D341300045217 /* Resources */,
				795490202F5D341200045217 /* SafariWebExtensionHandler.swift */,
			);
			path = "Shared (Extension)";
			sourceTree = "<group>";
		};
		795490262F5D341200045217 /* Products */ = {
			isa = PBXGroup;
			children = (
				795490252F5D341200045217 /* PeekSnap.app */,
				795490372F5D341300045217 /* PeekSnap.app */,
				795490442F5D341300045217 /* PeekSnap Extension.appex */,
				7954904E2F5D341300045217 /* PeekSnap Extension.appex */,
			);
			name = Products;
			sourceTree = "<group>";
		};
		795490272F5D341200045217 /* iOS (App) */ = {
			isa = PBXGroup;
			children = (
				795490282F5D341200045217 /* AppDelegate.swift */,
				7954902A2F5D341200045217 /* SceneDelegate.swift */,
				7954902C2F5D341200045217 /* LaunchScreen.storyboard */,
				7954902F2F5D341200045217 /* Main.storyboard */,
				795490322F5D341200045217 /* Info.plist */,
			);
			path = "iOS (App)";
			sourceTree = "<group>";
		};
		795490382F5D341300045217 /* macOS (App) */ = {
			isa = PBXGroup;
			children = (
				795490392F5D341300045217 /* AppDelegate.swift */,
				7954903B2F5D341300045217 /* Main.storyboard */,
				7954903E2F5D341300045217 /* Info.plist */,
				7954903F2F5D341300045217 /* PeekSnap.entitlements */,
			);
			path = "macOS (App)";
			sourceTree = "<group>";
		};
		795490482F5D341300045217 /* iOS (Extension) */ = {
			isa = PBXGroup;
			children = (
				795490492F5D341300045217 /* Info.plist */,
			);
			path = "iOS (Extension)";
			sourceTree = "<group>";
		};
		795490522F5D341300045217 /* macOS (Extension) */ = {
			isa = PBXGroup;
			children = (
				795490532F5D341300045217 /* Info.plist */,
				795490542F5D341300045217 /* PeekSnap.entitlements */,
			);
			path = "macOS (Extension)";
			sourceTree = "<group>";
		};
		795490732F5D341300045217 /* Resources */ = {
			isa = PBXGroup;
			children = (
				795490742F5D341300045217 /* background */,
				795490752F5D341300045217 /* popup */,
				795490762F5D341300045217 /* content */,
				795490772F5D341300045217 /* icons */,
				795490782F5D341300045217 /* manifest.json */,
			);
			name = Resources;
			path = "Shared (Extension)";
			sourceTree = SOURCE_ROOT;
		};
/* End PBXGroup section */

/* Begin PBXNativeTarget section */
		795490242F5D341200045217 /* PeekSnap (iOS) */ = {
			isa = PBXNativeTarget;
			buildConfigurationList = 795490692F5D341300045217 /* Build configuration list for PBXNativeTarget "PeekSnap (iOS)" */;
			buildPhases = (
				795490212F5D341200045217 /* Sources */,
				795490222F5D341200045217 /* Frameworks */,
				795490232F5D341200045217 /* Resources */,
				795490682F5D341300045217 /* Embed Foundation Extensions */,
			);
			buildRules = (
			);
			dependencies = (
				795490472F5D341300045217 /* PBXTargetDependency */,
			);
			name = "PeekSnap (iOS)";
			packageProductDependencies = (
			);
			productName = "PeekSnap (iOS)";
			productReference = 795490252F5D341200045217 /* PeekSnap.app */;
			productType = "com.apple.product-type.application";
		};
		795490362F5D341300045217 /* PeekSnap (macOS) */ = {
			isa = PBXNativeTarget;
			buildConfigurationList = 795490702F5D341300045217 /* Build configuration list for PBXNativeTarget "PeekSnap (macOS)" */;
			buildPhases = (
				795490332F5D341300045217 /* Sources */,
				795490342F5D341300045217 /* Frameworks */,
				795490352F5D341300045217 /* Resources */,
				7954906F2F5D341300045217 /* Embed Foundation Extensions */,
			);
			buildRules = (
			);
			dependencies = (
				795490512F5D341300045217 /* PBXTargetDependency */,
			);
			name = "PeekSnap (macOS)";
			packageProductDependencies = (
			);
			productName = "PeekSnap (macOS)";
			productReference = 795490372F5D341300045217 /* PeekSnap.app */;
			productType = "com.apple.product-type.application";
		};
		795490432F5D341300045217 /* PeekSnap Extension (iOS) */ = {
			isa = PBXNativeTarget;
			buildConfigurationList = 795490652F5D341300045217 /* Build configuration list for PBXNativeTarget "PeekSnap Extension (iOS)" */;
			buildPhases = (
				795490402F5D341300045217 /* Sources */,
				795490412F5D341300045217 /* Frameworks */,
				795490422F5D341300045217 /* Resources */,
			);
			buildRules = (
			);
			dependencies = (
			);
			name = "PeekSnap Extension (iOS)";
			packageProductDependencies = (
			);
			productName = "PeekSnap Extension (iOS)";
			productReference = 795490442F5D341300045217 /* PeekSnap Extension.appex */;
			productType = "com.apple.product-type.app-extension";
		};
		7954904D2F5D341300045217 /* PeekSnap Extension (macOS) */ = {
			isa = PBXNativeTarget;
			buildConfigurationList = 7954906C2F5D341300045217 /* Build configuration list for PBXNativeTarget "PeekSnap Extension (macOS)" */;
			buildPhases = (
				7954904A2F5D341300045217 /* Sources */,
				7954904B2F5D341300045217 /* Frameworks */,
				7954904C2F5D341300045217 /* Resources */,
			);
			buildRules = (
			);
			dependencies = (
			);
			name = "PeekSnap Extension (macOS)";
			packageProductDependencies = (
			);
			productName = "PeekSnap Extension (macOS)";
			productReference = 7954904E2F5D341300045217 /* PeekSnap Extension.appex */;
			productType = "com.apple.product-type.app-extension";
		};
/* End PBXNativeTarget section */

/* Begin PBXProject section */
		795490122F5D340E00045217 /* Project object */ = {
			isa = PBXProject;
			attributes = {
				BuildIndependentTargetsInParallel = 1;
				LastSwiftUpdateCheck = 1620;
				LastUpgradeCheck = 1620;
				TargetAttributes = {
					795490242F5D341200045217 = {
						CreatedOnToolsVersion = 16.2;
					};
					795490362F5D341300045217 = {
						CreatedOnToolsVersion = 16.2;
					};
					795490432F5D341300045217 = {
						CreatedOnToolsVersion = 16.2;
					};
					7954904D2F5D341300045217 = {
						CreatedOnToolsVersion = 16.2;
					};
				};
			};
			buildConfigurationList = 795490152F5D340E00045217 /* Build configuration list for PBXProject "PeekSnap" */;
			developmentRegion = en;
			hasScannedForEncodings = 0;
			knownRegions = (
				en,
				Base,
			);
			mainGroup = 795490112F5D340E00045217;
			minimizedProjectReferenceProxies = 1;
			preferredProjectObjectVersion = 77;
			productRefGroup = 795490262F5D341200045217 /* Products */;
			projectDirPath = "";
			projectRoot = "";
			targets = (
				795490242F5D341200045217 /* PeekSnap (iOS) */,
				795490362F5D341300045217 /* PeekSnap (macOS) */,
				795490432F5D341300045217 /* PeekSnap Extension (iOS) */,
				7954904D2F5D341300045217 /* PeekSnap Extension (macOS) */,
			);
		};
/* End PBXProject section */

/* Begin PBXResourcesBuildPhase section */
		795490232F5D341200045217 /* Resources */ = {
			isa = PBXResourcesBuildPhase;
			buildActionMask = 2147483647;
			files = (
				795490572F5D341300045217 /* Icon.png in Resources */,
				7954902E2F5D341200045217 /* LaunchScreen.storyboard in Resources */,
				795490552F5D341300045217 /* Main.html in Resources */,
				7954905B2F5D341300045217 /* Script.js in Resources */,
				7954905F2F5D341300045217 /* Assets.xcassets in Resources */,
				795490312F5D341200045217 /* Main.storyboard in Resources */,
				795490592F5D341300045217 /* Style.css in Resources */,
			);
			runOnlyForDeploymentPostprocessing = 0;
		};
		795490352F5D341300045217 /* Resources */ = {
			isa = PBXResourcesBuildPhase;
			buildActionMask = 2147483647;
			files = (
				795490582F5D341300045217 /* Icon.png in Resources */,
				7954905A2F5D341300045217 /* Style.css in Resources */,
				7954903D2F5D341300045217 /* Main.storyboard in Resources */,
				7954905C2F5D341300045217 /* Script.js in Resources */,
				795490602F5D341300045217 /* Assets.xcassets in Resources */,
				795490562F5D341300045217 /* Main.html in Resources */,
			);
			runOnlyForDeploymentPostprocessing = 0;
		};
		795490422F5D341300045217 /* Resources */ = {
			isa = PBXResourcesBuildPhase;
			buildActionMask = 2147483647;
			files = (
				795490802F5D341300045217 /* content in Resources */,
				795490812F5D341300045217 /* icons in Resources */,
				795490822F5D341300045217 /* manifest.json in Resources */,
				7954907E2F5D341300045217 /* background in Resources */,
				7954907F2F5D341300045217 /* popup in Resources */,
			);
			runOnlyForDeploymentPostprocessing = 0;
		};
		7954904C2F5D341300045217 /* Resources */ = {
			isa = PBXResourcesBuildPhase;
			buildActionMask = 2147483647;
			files = (
				7954907B2F5D341300045217 /* content in Resources */,
				7954907C2F5D341300045217 /* icons in Resources */,
				7954907D2F5D341300045217 /* manifest.json in Resources */,
				795490792F5D341300045217 /* background in Resources */,
				7954907A2F5D341300045217 /* popup in Resources */,
			);
			runOnlyForDeploymentPostprocessing = 0;
		};
/* End PBXResourcesBuildPhase section */

/* Begin PBXSourcesBuildPhase section */
		795490212F5D341200045217 /* Sources */ = {
			isa = PBXSourcesBuildPhase;
			buildActionMask = 2147483647;
			files = (
				7954905D2F5D341300045217 /* ViewController.swift in Sources */,
				795490292F5D341200045217 /* AppDelegate.swift in Sources */,
				7954902B2F5D341200045217 /* SceneDelegate.swift in Sources */,
			);
			runOnlyForDeploymentPostprocessing = 0;
		};
		795490332F5D341300045217 /* Sources */ = {
			isa = PBXSourcesBuildPhase;
			buildActionMask = 2147483647;
			files = (
				7954905E2F5D341300045217 /* ViewController.swift in Sources */,
				7954903A2F5D341300045217 /* AppDelegate.swift in Sources */,
			);
			runOnlyForDeploymentPostprocessing = 0;
		};
		795490402F5D341300045217 /* Sources */ = {
			isa = PBXSourcesBuildPhase;
			buildActionMask = 2147483647;
			files = (
				795490612F5D341300045217 /* SafariWebExtensionHandler.swift in Sources */,
			);
			runOnlyForDeploymentPostprocessing = 0;
		};
		7954904A2F5D341300045217 /* Sources */ = {
			isa = PBXSourcesBuildPhase;
			buildActionMask = 2147483647;
			files = (
				795490622F5D341300045217 /* SafariWebExtensionHandler.swift in Sources */,
			);
			runOnlyForDeploymentPostprocessing = 0;
		};
/* End PBXSourcesBuildPhase section */

/* Begin PBXTargetDependency section */
		795490472F5D341300045217 /* PBXTargetDependency */ = {
			isa = PBXTargetDependency;
			target = 795490432F5D341300045217 /* PeekSnap Extension (iOS) */;
			targetProxy = 795490462F5D341300045217 /* PBXContainerItemProxy */;
		};
		795490512F5D341300045217 /* PBXTargetDependency */ = {
			isa = PBXTargetDependency;
			target = 7954904D2F5D341300045217 /* PeekSnap Extension (macOS) */;
			targetProxy = 795490502F5D341300045217 /* PBXContainerItemProxy */;
		};
/* End PBXTargetDependency section */

/* Begin PBXVariantGroup section */
		795490182F5D340E00045217 /* Main.html */ = {
			isa = PBXVariantGroup;
			children = (
				795490192F5D340E00045217 /* Base */,
			);
			name = Main.html;
			sourceTree = "<group>";
		};
		7954902C2F5D341200045217 /* LaunchScreen.storyboard */ = {
			isa = PBXVariantGroup;
			children = (
				7954902D2F5D341200045217 /* Base */,
			);
			name = LaunchScreen.storyboard;
			sourceTree = "<group>";
		};
		7954902F2F5D341200045217 /* Main.storyboard */ = {
			isa = PBXVariantGroup;
			children = (
				795490302F5D341200045217 /* Base */,
			);
			name = Main.storyboard;
			sourceTree = "<group>";
		};
		7954903B2F5D341300045217 /* Main.storyboard */ = {
			isa = PBXVariantGroup;
			children = (
				7954903C2F5D341300045217 /* Base */,
			);
			name = Main.storyboard;
			sourceTree = "<group>";
		};
/* End PBXVariantGroup section */

/* Begin XCBuildConfiguration section */
		795490632F5D341300045217 /* Debug */ = {
			isa = XCBuildConfiguration;
			buildSettings = {
				ALWAYS_SEARCH_USER_PATHS = NO;
				ASSETCATALOG_COMPILER_GENERATE_SWIFT_ASSET_SYMBOL_EXTENSIONS = YES;
				CLANG_ANALYZER_NONNULL = YES;
				CLANG_ANALYZER_NUMBER_OBJECT_CONVERSION = YES_AGGRESSIVE;
				CLANG_CXX_LANGUAGE_STANDARD = "gnu++20";
				CLANG_ENABLE_MODULES = YES;
				CLANG_ENABLE_OBJC_ARC = YES;
				CLANG_ENABLE_OBJC_WEAK = YES;
				CLANG_WARN_BLOCK_CAPTURE_AUTORELEASING = YES;
				CLANG_WARN_BOOL_CONVERSION = YES;
				CLANG_WARN_COMMA = YES;
				CLANG_WARN_CONSTANT_CONVERSION = YES;
				CLANG_WARN_DEPRECATED_OBJC_IMPLEMENTATIONS = YES;
				CLANG_WARN_DIRECT_OBJC_ISA_USAGE = YES_ERROR;
				CLANG_WARN_DOCUMENTATION_COMMENTS = YES;
				CLANG_WARN_EMPTY_BODY = YES;
				CLANG_WARN_ENUM_CONVERSION = YES;
				CLANG_WARN_INFINITE_RECURSION = YES;
				CLANG_WARN_INT_CONVERSION = YES;
				CLANG_WARN_NON_LITERAL_NULL_CONVERSION = YES;
				CLANG_WARN_OBJC_IMPLICIT_RETAIN_SELF = YES;
				CLANG_WARN_OBJC_LITERAL_CONVERSION = YES;
				CLANG_WARN_OBJC_ROOT_CLASS = YES_ERROR;
				CLANG_WARN_QUOTED_INCLUDE_IN_FRAMEWORK_HEADER = YES;
				CLANG_WARN_RANGE_LOOP_ANALYSIS = YES;
				CLANG_WARN_STRICT_PROTOTYPES = YES;
				CLANG_WARN_SUSPICIOUS_MOVE = YES;
				CLANG_WARN_UNGUARDED_AVAILABILITY = YES_AGGRESSIVE;
				CLANG_WARN_UNREACHABLE_CODE = YES;
				CLANG_WARN__DUPLICATE_METHOD_MATCH = YES;
				COPY_PHASE_STRIP = NO;
				DEBUG_INFORMATION_FORMAT = dwarf;
				ENABLE_STRICT_OBJC_MSGSEND = YES;
				ENABLE_TESTABILITY = YES;
				ENABLE_USER_SCRIPT_SANDBOXING = YES;
				GCC_C_LANGUAGE_STANDARD = gnu17;
				GCC_DYNAMIC_NO_PIC = NO;
				GCC_NO_COMMON_BLOCKS = YES;
				GCC_OPTIMIZATION_LEVEL = 0;
				GCC_PREPROCESSOR_DEFINITIONS = (
					"DEBUG=1",
					"$(inherited)",
				);
				GCC_WARN_64_TO_32_BIT_CONVERSION = YES;
				GCC_WARN_ABOUT_RETURN_TYPE = YES_ERROR;
				GCC_WARN_UNDECLARED_SELECTOR = YES;
				GCC_WARN_UNINITIALIZED_AUTOS = YES_AGGRESSIVE;
				GCC_WARN_UNUSED_FUNCTION = YES;
				GCC_WARN_UNUSED_VARIABLE = YES;
				LOCALIZATION_PREFERS_STRING_CATALOGS = YES;
				MTL_ENABLE_DEBUG_INFO = INCLUDE_SOURCE;
				MTL_FAST_MATH = YES;
				ONLY_ACTIVE_ARCH = YES;
				SWIFT_ACTIVE_COMPILATION_CONDITIONS = "DEBUG $(inherited)";
				SWIFT_OPTIMIZATION_LEVEL = "-Onone";
			};
			name = Debug;
		};
		795490642F5D341300045217 /* Release */ = {
			isa = XCBuildConfiguration;
			buildSettings = {
				ALWAYS_SEARCH_USER_PATHS = NO;
				ASSETCATALOG_COMPILER_GENERATE_SWIFT_ASSET_SYMBOL_EXTENSIONS = YES;
				CLANG_ANALYZER_NONNULL = YES;
				CLANG_ANALYZER_NUMBER_OBJECT_CONVERSION = YES_AGGRESSIVE;
				CLANG_CXX_LANGUAGE_STANDARD = "gnu++20";
				CLANG_ENABLE_MODULES = YES;
				CLANG_ENABLE_OBJC_ARC = YES;
				CLANG_ENABLE_OBJC_WEAK = YES;
				CLANG_WARN_BLOCK_CAPTURE_AUTORELEASING = YES;
				CLANG_WARN_BOOL_CONVERSION = YES;
				CLANG_WARN_COMMA = YES;
				CLANG_WARN_CONSTANT_CONVERSION = YES;
				CLANG_WARN_DEPRECATED_OBJC_IMPLEMENTATIONS = YES;
				CLANG_WARN_DIRECT_OBJC_ISA_USAGE = YES_ERROR;
				CLANG_WARN_DOCUMENTATION_COMMENTS = YES;
				CLANG_WARN_EMPTY_BODY = YES;
				CLANG_WARN_ENUM_CONVERSION = YES;
				CLANG_WARN_INFINITE_RECURSION = YES;
				CLANG_WARN_INT_CONVERSION = YES;
				CLANG_WARN_NON_LITERAL_NULL_CONVERSION = YES;
				CLANG_WARN_OBJC_IMPLICIT_RETAIN_SELF = YES;
				CLANG_WARN_OBJC_LITERAL_CONVERSION = YES;
				CLANG_WARN_OBJC_ROOT_CLASS = YES_ERROR;
				CLANG_WARN_QUOTED_INCLUDE_IN_FRAMEWORK_HEADER = YES;
				CLANG_WARN_RANGE_LOOP_ANALYSIS = YES;
				CLANG_WARN_STRICT_PROTOTYPES = YES;
				CLANG_WARN_SUSPICIOUS_MOVE = YES;
				CLANG_WARN_UNGUARDED_AVAILABILITY = YES_AGGRESSIVE;
				CLANG_WARN_UNREACHABLE_CODE = YES;
				CLANG_WARN__DUPLICATE_METHOD_MATCH = YES;
				COPY_PHASE_STRIP = NO;
				DEBUG_INFORMATION_FORMAT = "dwarf-with-dsym";
				ENABLE_NS_ASSERTIONS = NO;
				ENABLE_STRICT_OBJC_MSGSEND = YES;
				ENABLE_USER_SCRIPT_SANDBOXING = YES;
				GCC_C_LANGUAGE_STANDARD = gnu17;
				GCC_NO_COMMON_BLOCKS = YES;
				GCC_WARN_64_TO_32_BIT_CONVERSION = YES;
				GCC_WARN_ABOUT_RETURN_TYPE = YES_ERROR;
				GCC_WARN_UNDECLARED_SELECTOR = YES;
				GCC_WARN_UNINITIALIZED_AUTOS = YES_AGGRESSIVE;
				GCC_WARN_UNUSED_FUNCTION = YES;
				GCC_WARN_UNUSED_VARIABLE = YES;
				LOCALIZATION_PREFERS_STRING_CATALOGS = YES;
				MTL_ENABLE_DEBUG_INFO = NO;
				MTL_FAST_MATH = YES;
				SWIFT_COMPILATION_MODE = wholemodule;
			};
			name = Release;
		};
		795490662F5D341300045217 /* Debug */ = {
			isa = XCBuildConfiguration;
			buildSettings = {
				CODE_SIGN_STYLE = Automatic;
				CURRENT_PROJECT_VERSION = 1;
				GENERATE_INFOPLIST_FILE = YES;
				INFOPLIST_FILE = "iOS (Extension)/Info.plist";
				INFOPLIST_KEY_CFBundleDisplayName = "PeekSnap Extension";
				INFOPLIST_KEY_NSHumanReadableCopyright = "";
				IPHONEOS_DEPLOYMENT_TARGET = 15.0;
				LD_RUNPATH_SEARCH_PATHS = (
					"$(inherited)",
					"@executable_path/Frameworks",
					"@executable_path/../../Frameworks",
				);
				MARKETING_VERSION = 1.0;
				OTHER_LDFLAGS = (
					"-framework",
					SafariServices,
				);
				PRODUCT_BUNDLE_IDENTIFIER = com.peeksnap.PeekSnap.Extension;
				PRODUCT_NAME = "PeekSnap Extension";
				SDKROOT = iphoneos;
				SKIP_INSTALL = YES;
				SWIFT_EMIT_LOC_STRINGS = YES;
				SWIFT_VERSION = 5.0;
				TARGETED_DEVICE_FAMILY = "1,2";
			};
			name = Debug;
		};
		795490672F5D341300045217 /* Release */ = {
			isa = XCBuildConfiguration;
			buildSettings = {
				CODE_SIGN_STYLE = Automatic;
				CURRENT_PROJECT_VERSION = 1;
				GENERATE_INFOPLIST_FILE = YES;
				INFOPLIST_FILE = "iOS (Extension)/Info.plist";
				INFOPLIST_KEY_CFBundleDisplayName = "PeekSnap Extension";
				INFOPLIST_KEY_NSHumanReadableCopyright = "";
				IPHONEOS_DEPLOYMENT_TARGET = 15.0;
				LD_RUNPATH_SEARCH_PATHS = (
					"$(inherited)",
					"@executable_path/Frameworks",
					"@executable_path/../../Frameworks",
				);
				MARKETING_VERSION = 1.0;
				OTHER_LDFLAGS = (
					"-framework",
					SafariServices,
				);
				PRODUCT_BUNDLE_IDENTIFIER = com.peeksnap.PeekSnap.Extension;
				PRODUCT_NAME = "PeekSnap Extension";
				SDKROOT = iphoneos;
				SKIP_INSTALL = YES;
				SWIFT_EMIT_LOC_STRINGS = YES;
				SWIFT_VERSION = 5.0;
				TARGETED_DEVICE_FAMILY = "1,2";
				VALIDATE_PRODUCT = YES;
			};
			name = Release;
		};
		7954906A2F5D341300045217 /* Debug */ = {
			isa = XCBuildConfiguration;
			buildSettings = {
				ASSETCATALOG_COMPILER_APPICON_NAME = AppIcon;
				ASSETCATALOG_COMPILER_GLOBAL_ACCENT_COLOR_NAME = AccentColor;
				CODE_SIGN_STYLE = Automatic;
				CURRENT_PROJECT_VERSION = 1;
				DEVELOPMENT_TEAM = 6TK46QP977;
				GENERATE_INFOPLIST_FILE = YES;
				INFOPLIST_FILE = "iOS (App)/Info.plist";
				INFOPLIST_KEY_CFBundleDisplayName = PeekSnap;
				INFOPLIST_KEY_UIApplicationSupportsIndirectInputEvents = YES;
				INFOPLIST_KEY_UILaunchStoryboardName = LaunchScreen;
				INFOPLIST_KEY_UIMainStoryboardFile = Main;
				INFOPLIST_KEY_UISupportedInterfaceOrientations = "UIInterfaceOrientationPortrait UIInterfaceOrientationLandscapeLeft UIInterfaceOrientationLandscapeRight";
				INFOPLIST_KEY_UISupportedInterfaceOrientations_iPad = "UIInterfaceOrientationPortrait UIInterfaceOrientationPortraitUpsideDown UIInterfaceOrientationLandscapeLeft UIInterfaceOrientationLandscapeRight";
				IPHONEOS_DEPLOYMENT_TARGET = 15.0;
				LD_RUNPATH_SEARCH_PATHS = (
					"$(inherited)",
					"@executable_path/Frameworks",
				);
				MARKETING_VERSION = 1.0;
				OTHER_LDFLAGS = (
					"-framework",
					SafariServices,
					"-framework",
					WebKit,
				);
				PRODUCT_BUNDLE_IDENTIFIER = com.peeksnap.PeekSnap;
				PRODUCT_NAME = PeekSnap;
				SDKROOT = iphoneos;
				SWIFT_EMIT_LOC_STRINGS = YES;
				SWIFT_VERSION = 5.0;
				TARGETED_DEVICE_FAMILY = "1,2";
			};
			name = Debug;
		};
		7954906B2F5D341300045217 /* Release */ = {
			isa = XCBuildConfiguration;
			buildSettings = {
				ASSETCATALOG_COMPILER_APPICON_NAME = AppIcon;
				ASSETCATALOG_COMPILER_GLOBAL_ACCENT_COLOR_NAME = AccentColor;
				CODE_SIGN_STYLE = Automatic;
				CURRENT_PROJECT_VERSION = 1;
				DEVELOPMENT_TEAM = 6TK46QP977;
				GENERATE_INFOPLIST_FILE = YES;
				INFOPLIST_FILE = "iOS (App)/Info.plist";
				INFOPLIST_KEY_CFBundleDisplayName = PeekSnap;
				INFOPLIST_KEY_UIApplicationSupportsIndirectInputEvents = YES;
				INFOPLIST_KEY_UILaunchStoryboardName = LaunchScreen;
				INFOPLIST_KEY_UIMainStoryboardFile = Main;
				INFOPLIST_KEY_UISupportedInterfaceOrientations = "UIInterfaceOrientationPortrait UIInterfaceOrientationLandscapeLeft UIInterfaceOrientationLandscapeRight";
				INFOPLIST_KEY_UISupportedInterfaceOrientations_iPad = "UIInterfaceOrientationPortrait UIInterfaceOrientationPortraitUpsideDown UIInterfaceOrientationLandscapeLeft UIInterfaceOrientationLandscapeRight";
				IPHONEOS_DEPLOYMENT_TARGET = 15.0;
				LD_RUNPATH_SEARCH_PATHS = (
					"$(inherited)",
					"@executable_path/Frameworks",
				);
				MARKETING_VERSION = 1.0;
				OTHER_LDFLAGS = (
					"-framework",
					SafariServices,
					"-framework",
					WebKit,
				);
				PRODUCT_BUNDLE_IDENTIFIER = com.peeksnap.PeekSnap;
				PRODUCT_NAME = PeekSnap;
				SDKROOT = iphoneos;
				SWIFT_EMIT_LOC_STRINGS = YES;
				SWIFT_VERSION = 5.0;
				TARGETED_DEVICE_FAMILY = "1,2";
				VALIDATE_PRODUCT = YES;
			};
			name = Release;
		};
		7954906D2F5D341300045217 /* Debug */ = {
			isa = XCBuildConfiguration;
			buildSettings = {
				CODE_SIGN_ENTITLEMENTS = "macOS (Extension)/PeekSnap.entitlements";
				CODE_SIGN_STYLE = Automatic;
				CURRENT_PROJECT_VERSION = 1;
				DEVELOPMENT_TEAM = 6TK46QP977;
				ENABLE_HARDENED_RUNTIME = YES;
				GENERATE_INFOPLIST_FILE = YES;
				INFOPLIST_FILE = "macOS (Extension)/Info.plist";
				INFOPLIST_KEY_CFBundleDisplayName = "PeekSnap Extension";
				INFOPLIST_KEY_NSHumanReadableCopyright = "";
				LD_RUNPATH_SEARCH_PATHS = (
					"$(inherited)",
					"@executable_path/../Frameworks",
					"@executable_path/../../../../Frameworks",
				);
				MACOSX_DEPLOYMENT_TARGET = 10.14;
				MARKETING_VERSION = 1.0;
				OTHER_LDFLAGS = (
					"-framework",
					SafariServices,
				);
				PRODUCT_BUNDLE_IDENTIFIER = com.peeksnap.PeekSnap.Extension;
				PRODUCT_NAME = "PeekSnap Extension";
				SDKROOT = macosx;
				SKIP_INSTALL = YES;
				SWIFT_EMIT_LOC_STRINGS = YES;
				SWIFT_VERSION = 5.0;
			};
			name = Debug;
		};
		7954906E2F5D341300045217 /* Release */ = {
			isa = XCBuildConfiguration;
			buildSettings = {
				CODE_SIGN_ENTITLEMENTS = "macOS (Extension)/PeekSnap.entitlements";
				CODE_SIGN_STYLE = Automatic;
				CURRENT_PROJECT_VERSION = 1;
				DEVELOPMENT_TEAM = 6TK46QP977;
				ENABLE_HARDENED_RUNTIME = YES;
				GENERATE_INFOPLIST_FILE = YES;
				INFOPLIST_FILE = "macOS (Extension)/Info.plist";
				INFOPLIST_KEY_CFBundleDisplayName = "PeekSnap Extension";
				INFOPLIST_KEY_NSHumanReadableCopyright = "";
				LD_RUNPATH_SEARCH_PATHS = (
					"$(inherited)",
					"@executable_path/../Frameworks",
					"@executable_path/../../../../Frameworks",
				);
				MACOSX_DEPLOYMENT_TARGET = 10.14;
				MARKETING_VERSION = 1.0;
				OTHER_LDFLAGS = (
					"-framework",
					SafariServices,
				);
				PRODUCT_BUNDLE_IDENTIFIER = com.peeksnap.PeekSnap.Extension;
				PRODUCT_NAME = "PeekSnap Extension";
				SDKROOT = macosx;
				SKIP_INSTALL = YES;
				SWIFT_EMIT_LOC_STRINGS = YES;
				SWIFT_VERSION = 5.0;
			};
			name = Release;
		};
		795490712F5D341300045217 /* Debug */ = {
			isa = XCBuildConfiguration;
			buildSettings = {
				ASSETCATALOG_COMPILER_APPICON_NAME = AppIcon;
				ASSETCATALOG_COMPILER_GLOBAL_ACCENT_COLOR_NAME = AccentColor;
				CODE_SIGN_ENTITLEMENTS = "macOS (App)/PeekSnap.entitlements";
				CODE_SIGN_STYLE = Automatic;
				CURRENT_PROJECT_VERSION = 1;
				DEVELOPMENT_TEAM = 6TK46QP977;
				ENABLE_HARDENED_RUNTIME = YES;
				GENERATE_INFOPLIST_FILE = YES;
				INFOPLIST_FILE = "macOS (App)/Info.plist";
				INFOPLIST_KEY_CFBundleDisplayName = PeekSnap;
				INFOPLIST_KEY_NSMainStoryboardFile = Main;
				INFOPLIST_KEY_NSPrincipalClass = NSApplication;
				LD_RUNPATH_SEARCH_PATHS = (
					"$(inherited)",
					"@executable_path/../Frameworks",
				);
				MACOSX_DEPLOYMENT_TARGET = 10.14;
				MARKETING_VERSION = 1.0;
				OTHER_LDFLAGS = (
					"-framework",
					SafariServices,
					"-framework",
					WebKit,
				);
				PRODUCT_BUNDLE_IDENTIFIER = com.peeksnap.PeekSnap;
				PRODUCT_NAME = PeekSnap;
				SDKROOT = macosx;
				SWIFT_EMIT_LOC_STRINGS = YES;
				SWIFT_VERSION = 5.0;
			};
			name = Debug;
		};
		795490722F5D341300045217 /* Release */ = {
			isa = XCBuildConfiguration;
			buildSettings = {
				ASSETCATALOG_COMPILER_APPICON_NAME = AppIcon;
				ASSETCATALOG_COMPILER_GLOBAL_ACCENT_COLOR_NAME = AccentColor;
				CODE_SIGN_ENTITLEMENTS = "macOS (App)/PeekSnap.entitlements";
				CODE_SIGN_STYLE = Automatic;
				CURRENT_PROJECT_VERSION = 1;
				DEVELOPMENT_TEAM = 6TK46QP977;
				ENABLE_HARDENED_RUNTIME = YES;
				GENERATE_INFOPLIST_FILE = YES;
				INFOPLIST_FILE = "macOS (App)/Info.plist";
				INFOPLIST_KEY_CFBundleDisplayName = PeekSnap;
				INFOPLIST_KEY_NSMainStoryboardFile = Main;
				INFOPLIST_KEY_NSPrincipalClass = NSApplication;
				LD_RUNPATH_SEARCH_PATHS = (
					"$(inherited)",
					"@executable_path/../Frameworks",
				);
				MACOSX_DEPLOYMENT_TARGET = 10.14;
				MARKETING_VERSION = 1.0;
				OTHER_LDFLAGS = (
					"-framework",
					SafariServices,
					"-framework",
					WebKit,
				);
				PRODUCT_BUNDLE_IDENTIFIER = com.peeksnap.PeekSnap;
				PRODUCT_NAME = PeekSnap;
				SDKROOT = macosx;
				SWIFT_EMIT_LOC_STRINGS = YES;
				SWIFT_VERSION = 5.0;
			};
			name = Release;
		};
/* End XCBuildConfiguration section */

/* Begin XCConfigurationList section */
		795490152F5D340E00045217 /* Build configuration list for PBXProject "PeekSnap" */ = {
			isa = XCConfigurationList;
			buildConfigurations = (
				795490632F5D341300045217 /* Debug */,
				795490642F5D341300045217 /* Release */,
			);
			defaultConfigurationIsVisible = 0;
			defaultConfigurationName = Release;
		};
		795490652F5D341300045217 /* Build configuration list for PBXNativeTarget "PeekSnap Extension (iOS)" */ = {
			isa = XCConfigurationList;
			buildConfigurations = (
				795490662F5D341300045217 /* Debug */,
				795490672F5D341300045217 /* Release */,
			);
			defaultConfigurationIsVisible = 0;
			defaultConfigurationName = Release;
		};
		795490692F5D341300045217 /* Build configuration list for PBXNativeTarget "PeekSnap (iOS)" */ = {
			isa = XCConfigurationList;
			buildConfigurations = (
				7954906A2F5D341300045217 /* Debug */,
				7954906B2F5D341300045217 /* Release */,
			);
			defaultConfigurationIsVisible = 0;
			defaultConfigurationName = Release;
		};
		7954906C2F5D341300045217 /* Build configuration list for PBXNativeTarget "PeekSnap Extension (macOS)" */ = {
			isa = XCConfigurationList;
			buildConfigurations = (
				7954906D2F5D341300045217 /* Debug */,
				7954906E2F5D341300045217 /* Release */,
			);
			defaultConfigurationIsVisible = 0;
			defaultConfigurationName = Release;
		};
		795490702F5D341300045217 /* Build configuration list for PBXNativeTarget "PeekSnap (macOS)" */ = {
			isa = XCConfigurationList;
			buildConfigurations = (
				795490712F5D341300045217 /* Debug */,
				795490722F5D341300045217 /* Release */,
			);
			defaultConfigurationIsVisible = 0;
			defaultConfigurationName = Release;
		};
/* End XCConfigurationList section */
	};
	rootObject = 795490122F5D340E00045217 /* Project object */;
}
